// !$*UTF8*$!
{
	archiveVersion = 1;
	classes = {
	};
	objectVersion = 46;
	objects = {

/* Begin PBXBuildFile section */
		C0061D0517C847730072A67A /* UIKit.framework in Frameworks */ = {isa = PBXBuildFile; fileRef = C0061D0417C847730072A67A /* UIKit.framework */; };
		C0061D0717C847730072A67A /* Foundation.framework in Frameworks */ = {isa = PBXBuildFile; fileRef = C0061D0617C847730072A67A /* Foundation.framework */; };
		C0061D0917C847730072A67A /* CoreGraphics.framework in Frameworks */ = {isa = PBXBuildFile; fileRef = C0061D0817C847730072A67A /* CoreGraphics.framework */; };
		C0061D2B17C849000072A67A /* InfoPlist.strings in Resources */ = {isa = PBXBuildFile; fileRef = C0061D2917C849000072A67A /* InfoPlist.strings */; };
		C0061D2C17C849650072A67A /* Default-568h@2x.png in Resources */ = {isa = PBXBuildFile; fileRef = C0061D2417C848F60072A67A /* Default-568h@2x.png */; };
		C0061D2D17C849650072A67A /* Default.png in Resources */ = {isa = PBXBuildFile; fileRef = C0061D2517C848F60072A67A /* Default.png */; };
		C0061D2E17C849650072A67A /* Default@2x.png in Resources */ = {isa = PBXBuildFile; fileRef = C0061D2617C848F60072A67A /* Default@2x.png */; };
		C0061D3017C84A0A0072A67A /* Main_IOS.mm in Sources */ = {isa = PBXBuildFile; fileRef = C0061D2F17C84A0A0072A67A /* Main_IOS.mm */; };
		C0061D3117C84AC10072A67A /* AppDelegate.mm in Sources */ = {isa = PBXBuildFile; fileRef = C0061D2217C848E50072A67A /* AppDelegate.mm */; };
		C0061D9017C84C050072A67A /* TestCase_Com_DataType.cpp in Sources */ = {isa = PBXBuildFile; fileRef = C0061D3517C84C050072A67A /* TestCase_Com_DataType.cpp */; };
		C0061D9117C84C050072A67A /* TestCase_Com_Error.cpp in Sources */ = {isa = PBXBuildFile; fileRef = C0061D3717C84C050072A67A /* TestCase_Com_Error.cpp */; };
		C0061D9217C84C050072A67A /* TestCase_Com_Stream.cpp in Sources */ = {isa = PBXBuildFile; fileRef = C0061D3917C84C050072A67A /* TestCase_Com_Stream.cpp */; };
		C0061D9317C84C050072A67A /* TestCase_Com_Version.cpp in Sources */ = {isa = PBXBuildFile; fileRef = C0061D3B17C84C050072A67A /* TestCase_Com_Version.cpp */; };
		C0061D9A17C84C050072A67A /* test_cfg.cfg in Resources */ = {isa = PBXBuildFile; fileRef = C0061D4E17C84C050072A67A /* test_cfg.cfg */; };
		C0061D9B17C84C050072A67A /* test_json.json in Resources */ = {isa = PBXBuildFile; fileRef = C0061D4F17C84C050072A67A /* test_json.json */; };
		C0061D9C17C84C050072A67A /* TestCase_Core_Config_Config.cpp in Sources */ = {isa = PBXBuildFile; fileRef = C0061D5017C84C050072A67A /* TestCase_Core_Config_Config.cpp */; };
		C0061D9D17C84C050072A67A /* TestCase_Core_Config_Properties.cpp in Sources */ = {isa = PBXBuildFile; fileRef = C0061D5217C84C050072A67A /* TestCase_Core_Config_Properties.cpp */; };
		C0061D9E17C84C050072A67A /* TestCase_Core_Entity.cpp in Sources */ = {isa = PBXBuildFile; fileRef = C0061D5517C84C050072A67A /* TestCase_Core_Entity.cpp */; };
		C0061D9F17C84C050072A67A /* TestCase_Core_File_Directory.cpp in Sources */ = {isa = PBXBuildFile; fileRef = C0061D5817C84C050072A67A /* TestCase_Core_File_Directory.cpp */; };
		C0061DA017C84C050072A67A /* TestCase_Core_File_File.cpp in Sources */ = {isa = PBXBuildFile; fileRef = C0061D5A17C84C050072A67A /* TestCase_Core_File_File.cpp */; };
		C0061DA117C84C050072A67A /* TestCase_Core_Helper_StlHelper.cpp in Sources */ = {isa = PBXBuildFile; fileRef = C0061D5D17C84C050072A67A /* TestCase_Core_Helper_StlHelper.cpp */; };
		C0061DA217C84C050072A67A /* Logger_Cfg.cfg in Resources */ = {isa = PBXBuildFile; fileRef = C0061D6017C84C050072A67A /* Logger_Cfg.cfg */; };
		C0061DA317C84C050072A67A /* TestCase_Core_Log.cpp in Sources */ = {isa = PBXBuildFile; fileRef = C0061D6117C84C050072A67A /* TestCase_Core_Log.cpp */; };
		C0061DA417C84C050072A67A /* TestCase_Core_OS_Console.cpp in Sources */ = {isa = PBXBuildFile; fileRef = C0061D6417C84C050072A67A /* TestCase_Core_OS_Console.cpp */; };
		C0061DA517C84C050072A67A /* TestCase_Core_OS_Thread.cpp in Sources */ = {isa = PBXBuildFile; fileRef = C0061D6617C84C050072A67A /* TestCase_Core_OS_Thread.cpp */; };
		C0061DA617C84C050072A67A /* TestCase_Core_Random.cpp in Sources */ = {isa = PBXBuildFile; fileRef = C0061D6917C84C050072A67A /* TestCase_Core_Random.cpp */; };
		C0061DA717C84C050072A67A /* TestCase_Core_Serialize.cpp in Sources */ = {isa = PBXBuildFile; fileRef = C0061D6C17C84C050072A67A /* TestCase_Core_Serialize.cpp */; };
		C0061DA817C84C050072A67A /* TestCase_Core_Thread_CV.cpp in Sources */ = {isa = PBXBuildFile; fileRef = C0061D6F17C84C050072A67A /* TestCase_Core_Thread_CV.cpp */; };
		C0061DA917C84C050072A67A /* TestCase_Core_Thread_Lock.cpp in Sources */ = {isa = PBXBuildFile; fileRef = C0061D7117C84C050072A67A /* TestCase_Core_Thread_Lock.cpp */; };
		C0061DAA17C84C050072A67A /* TestCase_Core_Thread_RWLock.cpp in Sources */ = {isa = PBXBuildFile; fileRef = C0061D7317C84C050072A67A /* TestCase_Core_Thread_RWLock.cpp */; };
		C0061DAB17C84C050072A67A /* TestCase_Core_Thread_Semaphore.cpp in Sources */ = {isa = PBXBuildFile; fileRef = C0061D7517C84C050072A67A /* TestCase_Core_Thread_Semaphore.cpp */; };
		C0061DAC17C84C050072A67A /* TestCase_Core_Thread_Task.cpp in Sources */ = {isa = PBXBuildFile; fileRef = C0061D7717C84C050072A67A /* TestCase_Core_Thread_Task.cpp */; };
		C0061DAD17C84C050072A67A /* TestCase_Core_Thread_ThreadMgr.cpp in Sources */ = {isa = PBXBuildFile; fileRef = C0061D7917C84C050072A67A /* TestCase_Core_Thread_ThreadMgr.cpp */; };
		C0061DAE17C84C050072A67A /* TestCase_Core_Thread_Tls.cpp in Sources */ = {isa = PBXBuildFile; fileRef = C0061D7B17C84C050072A67A /* TestCase_Core_Thread_Tls.cpp */; };
		C0061DAF17C84C050072A67A /* TestCase_Core_Time_Time.cpp in Sources */ = {isa = PBXBuildFile; fileRef = C0061D7E17C84C050072A67A /* TestCase_Core_Time_Time.cpp */; };
		C0061DB017C84C050072A67A /* TestCase_Core_Utils_Algorithm.cpp in Sources */ = {isa = PBXBuildFile; fileRef = C0061D8117C84C050072A67A /* TestCase_Core_Utils_Algorithm.cpp */; };
		C0061DB117C84C050072A67A /* TestCase_Core_Utils_Coder.cpp in Sources */ = {isa = PBXBuildFile; fileRef = C0061D8317C84C050072A67A /* TestCase_Core_Utils_Coder.cpp */; };
		C0061DB217C84C050072A67A /* TestCase_Core_Utils_Debug.cpp in Sources */ = {isa = PBXBuildFile; fileRef = C0061D8517C84C050072A67A /* TestCase_Core_Utils_Debug.cpp */; };
		C0061DB317C84C050072A67A /* TestCase_Core_Utils_Delegate.cpp in Sources */ = {isa = PBXBuildFile; fileRef = C0061D8717C84C050072A67A /* TestCase_Core_Utils_Delegate.cpp */; };
		C0061DB417C84C050072A67A /* TestCase_Core_Utils_MD5.cpp in Sources */ = {isa = PBXBuildFile; fileRef = C0061D8917C84C050072A67A /* TestCase_Core_Utils_MD5.cpp */; };
		C0061DB517C84C050072A67A /* TestCase_Core_Utils_Text.cpp in Sources */ = {isa = PBXBuildFile; fileRef = C0061D8B17C84C050072A67A /* TestCase_Core_Utils_Text.cpp */; };
		C0061DB617C84C050072A67A /* TestCase_Core_VariantTest.cpp in Sources */ = {isa = PBXBuildFile; fileRef = C0061D8E17C84C050072A67A /* TestCase_Core_VariantTest.cpp */; };
		C029E77C17C9F9740043C81D /* TestCase_Core_Bundle.cpp in Sources */ = {isa = PBXBuildFile; fileRef = C029E77A17C9F9740043C81D /* TestCase_Core_Bundle.cpp */; };
		C05B10FB17C887FA00A29854 /* TestSuite.cpp in Sources */ = {isa = PBXBuildFile; fileRef = C0061D3217C84BEE0072A67A /* TestSuite.cpp */; };
		C08DE36B17C9BFE000DE78E9 /* TestCase_Core_OS_Directory.cpp in Sources */ = {isa = PBXBuildFile; fileRef = C08DE36917C8B9D500DE78E9 /* TestCase_Core_OS_Directory.cpp */; };
		C0B3AF6C18575DCE00A6E763 /* TestCase_Comm_Client.cpp in Sources */ = {isa = PBXBuildFile; fileRef = C0B3AF5A18575DCE00A6E763 /* TestCase_Comm_Client.cpp */; };
		C0B3AF6D18575DCE00A6E763 /* TestCase_Comm_Facade.cpp in Sources */ = {isa = PBXBuildFile; fileRef = C0B3AF5C18575DCE00A6E763 /* TestCase_Comm_Facade.cpp */; };
		C0B3AF6E18575DCE00A6E763 /* TestCase_Comm_Packet.cpp in Sources */ = {isa = PBXBuildFile; fileRef = C0B3AF6018575DCE00A6E763 /* TestCase_Comm_Packet.cpp */; };
		C0B3AF6F18575DCE00A6E763 /* TestCase_Comm_RawClient.cpp in Sources */ = {isa = PBXBuildFile; fileRef = C0B3AF6218575DCE00A6E763 /* TestCase_Comm_RawClient.cpp */; };
		C0B3AF7018575DCE00A6E763 /* TestCase_Comm_RawServer.cpp in Sources */ = {isa = PBXBuildFile; fileRef = C0B3AF6418575DCE00A6E763 /* TestCase_Comm_RawServer.cpp */; };
		C0B3AF7118575DCE00A6E763 /* TestCase_Comm_Server.cpp in Sources */ = {isa = PBXBuildFile; fileRef = C0B3AF6618575DCE00A6E763 /* TestCase_Comm_Server.cpp */; };
		C0B3AF7218575DCE00A6E763 /* TestCase_Comm_ServiceSamplerTimer.cpp in Sources */ = {isa = PBXBuildFile; fileRef = C0B3AF6818575DCE00A6E763 /* TestCase_Comm_ServiceSamplerTimer.cpp */; };
		C0B3AF7318575DCE00A6E763 /* TestCase_Comm_Timer.cpp in Sources */ = {isa = PBXBuildFile; fileRef = C0B3AF6A18575DCE00A6E763 /* TestCase_Comm_Timer.cpp */; };
		C0B3AF80185835FB00A6E763 /* libiconv.dylib in Frameworks */ = {isa = PBXBuildFile; fileRef = C0B3AF7E18580C9C00A6E763 /* libiconv.dylib */; };
		C0F3F27E17CCAE9900B01F22 /* libllbc.a in Frameworks */ = {isa = PBXBuildFile; fileRef = C0F3F27D17CCAE9900B01F22 /* libllbc.a */; };
/* End PBXBuildFile section */

/* Begin PBXFileReference section */
		C0061D0117C847730072A67A /* testsuite.app */ = {isa = PBXFileReference; explicitFileType = wrapper.application; includeInIndex = 0; path = testsuite.app; sourceTree = BUILT_PRODUCTS_DIR; };
		C0061D0417C847730072A67A /* UIKit.framework */ = {isa = PBXFileReference; lastKnownFileType = wrapper.framework; name = UIKit.framework; path = System/Library/Frameworks/UIKit.framework; sourceTree = SDKROOT; };
		C0061D0617C847730072A67A /* Foundation.framework */ = {isa = PBXFileReference; lastKnownFileType = wrapper.framework; name = Foundation.framework; path = System/Library/Frameworks/Foundation.framework; sourceTree = SDKROOT; };
		C0061D0817C847730072A67A /* CoreGraphics.framework */ = {isa = PBXFileReference; lastKnownFileType = wrapper.framework; name = CoreGraphics.framework; path = System/Library/Frameworks/CoreGraphics.framework; sourceTree = SDKROOT; };
		C0061D2117C848E50072A67A /* AppDelegate.h */ = {isa = PBXFileReference; lastKnownFileType = sourcecode.c.h; path = AppDelegate.h; sourceTree = SOURCE_ROOT; };
		C0061D2217C848E50072A67A /* AppDelegate.mm */ = {isa = PBXFileReference; lastKnownFileType = sourcecode.cpp.objcpp; path = AppDelegate.mm; sourceTree = SOURCE_ROOT; };
		C0061D2417C848F60072A67A /* Default-568h@2x.png */ = {isa = PBXFileReference; lastKnownFileType = image.png; name = "Default-568h@2x.png"; path = "ios_res/Default-568h@2x.png"; sourceTree = SOURCE_ROOT; };
		C0061D2517C848F60072A67A /* Default.png */ = {isa = PBXFileReference; lastKnownFileType = image.png; name = Default.png; path = ios_res/Default.png; sourceTree = SOURCE_ROOT; };
		C0061D2617C848F60072A67A /* Default@2x.png */ = {isa = PBXFileReference; lastKnownFileType = image.png; name = "Default@2x.png"; path = "ios_res/Default@2x.png"; sourceTree = SOURCE_ROOT; };
		C0061D2717C848F60072A67A /* testsuite-Info.plist */ = {isa = PBXFileReference; lastKnownFileType = text.plist.xml; name = "testsuite-Info.plist"; path = "ios_res/testsuite-Info.plist"; sourceTree = SOURCE_ROOT; };
		C0061D2817C848F60072A67A /* testsuite-Prefix.pch */ = {isa = PBXFileReference; lastKnownFileType = sourcecode.c.h; name = "testsuite-Prefix.pch"; path = "ios_res/testsuite-Prefix.pch"; sourceTree = SOURCE_ROOT; };
		C0061D2A17C849000072A67A /* en */ = {isa = PBXFileReference; lastKnownFileType = text.plist.strings; name = en; path = ios_res/en.lproj/InfoPlist.strings; sourceTree = SOURCE_ROOT; };
		C0061D2F17C84A0A0072A67A /* Main_IOS.mm */ = {isa = PBXFileReference; fileEncoding = 4; lastKnownFileType = sourcecode.cpp.objcpp; path = Main_IOS.mm; sourceTree = SOURCE_ROOT; };
		C0061D3217C84BEE0072A67A /* TestSuite.cpp */ = {isa = PBXFileReference; lastKnownFileType = sourcecode.cpp.cpp; path = TestSuite.cpp; sourceTree = SOURCE_ROOT; };
		C0061D3317C84BEE0072A67A /* TestSuite.h */ = {isa = PBXFileReference; lastKnownFileType = sourcecode.c.h; path = TestSuite.h; sourceTree = SOURCE_ROOT; };
		C0061D3517C84C050072A67A /* TestCase_Com_DataType.cpp */ = {isa = PBXFileReference; fileEncoding = 4; lastKnownFileType = sourcecode.cpp.cpp; path = TestCase_Com_DataType.cpp; sourceTree = "<group>"; };
		C0061D3617C84C050072A67A /* TestCase_Com_DataType.h */ = {isa = PBXFileReference; fileEncoding = 4; lastKnownFileType = sourcecode.c.h; path = TestCase_Com_DataType.h; sourceTree = "<group>"; };
		C0061D3717C84C050072A67A /* TestCase_Com_Error.cpp */ = {isa = PBXFileReference; fileEncoding = 4; lastKnownFileType = sourcecode.cpp.cpp; path = TestCase_Com_Error.cpp; sourceTree = "<group>"; };
		C0061D3817C84C050072A67A /* TestCase_Com_Error.h */ = {isa = PBXFileReference; fileEncoding = 4; lastKnownFileType = sourcecode.c.h; path = TestCase_Com_Error.h; sourceTree = "<group>"; };
		C0061D3917C84C050072A67A /* TestCase_Com_Stream.cpp */ = {isa = PBXFileReference; fileEncoding = 4; lastKnownFileType = sourcecode.cpp.cpp; path = TestCase_Com_Stream.cpp; sourceTree = "<group>"; };
		C0061D3A17C84C050072A67A /* TestCase_Com_Stream.h */ = {isa = PBXFileReference; fileEncoding = 4; lastKnownFileType = sourcecode.c.h; path = TestCase_Com_Stream.h; sourceTree = "<group>"; };
		C0061D3B17C84C050072A67A /* TestCase_Com_Version.cpp */ = {isa = PBXFileReference; fileEncoding = 4; lastKnownFileType = sourcecode.cpp.cpp; path = TestCase_Com_Version.cpp; sourceTree = "<group>"; };
		C0061D3C17C84C050072A67A /* TestCase_Com_Version.h */ = {isa = PBXFileReference; fileEncoding = 4; lastKnownFileType = sourcecode.c.h; path = TestCase_Com_Version.h; sourceTree = "<group>"; };
		C0061D4E17C84C050072A67A /* test_cfg.cfg */ = {isa = PBXFileReference; fileEncoding = 4; lastKnownFileType = text; path = test_cfg.cfg; sourceTree = "<group>"; };
		C0061D4F17C84C050072A67A /* test_json.json */ = {isa = PBXFileReference; fileEncoding = 4; lastKnownFileType = text.json; path = test_json.json; sourceTree = "<group>"; };
		C0061D5017C84C050072A67A /* TestCase_Core_Config_Config.cpp */ = {isa = PBXFileReference; fileEncoding = 4; lastKnownFileType = sourcecode.cpp.cpp; path = TestCase_Core_Config_Config.cpp; sourceTree = "<group>"; };
		C0061D5117C84C050072A67A /* TestCase_Core_Config_Config.h */ = {isa = PBXFileReference; fileEncoding = 4; lastKnownFileType = sourcecode.c.h; path = TestCase_Core_Config_Config.h; sourceTree = "<group>"; };
		C0061D5217C84C050072A67A /* TestCase_Core_Config_Properties.cpp */ = {isa = PBXFileReference; fileEncoding = 4; lastKnownFileType = sourcecode.cpp.cpp; path = TestCase_Core_Config_Properties.cpp; sourceTree = "<group>"; };
		C0061D5317C84C050072A67A /* TestCase_Core_Config_Properties.h */ = {isa = PBXFileReference; fileEncoding = 4; lastKnownFileType = sourcecode.c.h; path = TestCase_Core_Config_Properties.h; sourceTree = "<group>"; };
		C0061D5517C84C050072A67A /* TestCase_Core_Entity.cpp */ = {isa = PBXFileReference; fileEncoding = 4; lastKnownFileType = sourcecode.cpp.cpp; path = TestCase_Core_Entity.cpp; sourceTree = "<group>"; };
		C0061D5617C84C050072A67A /* TestCase_Core_Entity.h */ = {isa = PBXFileReference; fileEncoding = 4; lastKnownFileType = sourcecode.c.h; path = TestCase_Core_Entity.h; sourceTree = "<group>"; };
		C0061D5817C84C050072A67A /* TestCase_Core_File_Directory.cpp */ = {isa = PBXFileReference; fileEncoding = 4; lastKnownFileType = sourcecode.cpp.cpp; path = TestCase_Core_File_Directory.cpp; sourceTree = "<group>"; };
		C0061D5917C84C050072A67A /* TestCase_Core_File_Directory.h */ = {isa = PBXFileReference; fileEncoding = 4; lastKnownFileType = sourcecode.c.h; path = TestCase_Core_File_Directory.h; sourceTree = "<group>"; };
		C0061D5A17C84C050072A67A /* TestCase_Core_File_File.cpp */ = {isa = PBXFileReference; fileEncoding = 4; lastKnownFileType = sourcecode.cpp.cpp; path = TestCase_Core_File_File.cpp; sourceTree = "<group>"; };
		C0061D5B17C84C050072A67A /* TestCase_Core_File_File.h */ = {isa = PBXFileReference; fileEncoding = 4; lastKnownFileType = sourcecode.c.h; path = TestCase_Core_File_File.h; sourceTree = "<group>"; };
		C0061D5D17C84C050072A67A /* TestCase_Core_Helper_StlHelper.cpp */ = {isa = PBXFileReference; fileEncoding = 4; lastKnownFileType = sourcecode.cpp.cpp; path = TestCase_Core_Helper_StlHelper.cpp; sourceTree = "<group>"; };
		C0061D5E17C84C050072A67A /* TestCase_Core_Helper_StlHelper.h */ = {isa = PBXFileReference; fileEncoding = 4; lastKnownFileType = sourcecode.c.h; path = TestCase_Core_Helper_StlHelper.h; sourceTree = "<group>"; };
		C0061D6017C84C050072A67A /* Logger_Cfg.cfg */ = {isa = PBXFileReference; fileEncoding = 4; lastKnownFileType = text; path = Logger_Cfg.cfg; sourceTree = "<group>"; };
		C0061D6117C84C050072A67A /* TestCase_Core_Log.cpp */ = {isa = PBXFileReference; fileEncoding = 4; lastKnownFileType = sourcecode.cpp.cpp; path = TestCase_Core_Log.cpp; sourceTree = "<group>"; };
		C0061D6217C84C050072A67A /* TestCase_Core_Log.h */ = {isa = PBXFileReference; fileEncoding = 4; lastKnownFileType = sourcecode.c.h; path = TestCase_Core_Log.h; sourceTree = "<group>"; };
		C0061D6417C84C050072A67A /* TestCase_Core_OS_Console.cpp */ = {isa = PBXFileReference; fileEncoding = 4; lastKnownFileType = sourcecode.cpp.cpp; path = TestCase_Core_OS_Console.cpp; sourceTree = "<group>"; };
		C0061D6517C84C050072A67A /* TestCase_Core_OS_Console.h */ = {isa = PBXFileReference; fileEncoding = 4; lastKnownFileType = sourcecode.c.h; path = TestCase_Core_OS_Console.h; sourceTree = "<group>"; };
		C0061D6617C84C050072A67A /* TestCase_Core_OS_Thread.cpp */ = {isa = PBXFileReference; fileEncoding = 4; lastKnownFileType = sourcecode.cpp.cpp; path = TestCase_Core_OS_Thread.cpp; sourceTree = "<group>"; };
		C0061D6717C84C050072A67A /* TestCase_Core_OS_Thread.h */ = {isa = PBXFileReference; fileEncoding = 4; lastKnownFileType = sourcecode.c.h; path = TestCase_Core_OS_Thread.h; sourceTree = "<group>"; };
		C0061D6917C84C050072A67A /* TestCase_Core_Random.cpp */ = {isa = PBXFileReference; fileEncoding = 4; lastKnownFileType = sourcecode.cpp.cpp; path = TestCase_Core_Random.cpp; sourceTree = "<group>"; };
		C0061D6A17C84C050072A67A /* TestCase_Core_Random.h */ = {isa = PBXFileReference; fileEncoding = 4; lastKnownFileType = sourcecode.c.h; path = TestCase_Core_Random.h; sourceTree = "<group>"; };
		C0061D6C17C84C050072A67A /* TestCase_Core_Serialize.cpp */ = {isa = PBXFileReference; fileEncoding = 4; lastKnownFileType = sourcecode.cpp.cpp; path = TestCase_Core_Serialize.cpp; sourceTree = "<group>"; };
		C0061D6D17C84C050072A67A /* TestCase_Core_Serialize.h */ = {isa = PBXFileReference; fileEncoding = 4; lastKnownFileType = sourcecode.c.h; path = TestCase_Core_Serialize.h; sourceTree = "<group>"; };
		C0061D6F17C84C050072A67A /* TestCase_Core_Thread_CV.cpp */ = {isa = PBXFileReference; fileEncoding = 4; lastKnownFileType = sourcecode.cpp.cpp; path = TestCase_Core_Thread_CV.cpp; sourceTree = "<group>"; };
		C0061D7017C84C050072A67A /* TestCase_Core_Thread_CV.h */ = {isa = PBXFileReference; fileEncoding = 4; lastKnownFileType = sourcecode.c.h; path = TestCase_Core_Thread_CV.h; sourceTree = "<group>"; };
		C0061D7117C84C050072A67A /* TestCase_Core_Thread_Lock.cpp */ = {isa = PBXFileReference; fileEncoding = 4; lastKnownFileType = sourcecode.cpp.cpp; path = TestCase_Core_Thread_Lock.cpp; sourceTree = "<group>"; };
		C0061D7217C84C050072A67A /* TestCase_Core_Thread_Lock.h */ = {isa = PBXFileReference; fileEncoding = 4; lastKnownFileType = sourcecode.c.h; path = TestCase_Core_Thread_Lock.h; sourceTree = "<group>"; };
		C0061D7317C84C050072A67A /* TestCase_Core_Thread_RWLock.cpp */ = {isa = PBXFileReference; fileEncoding = 4; lastKnownFileType = sourcecode.cpp.cpp; path = TestCase_Core_Thread_RWLock.cpp; sourceTree = "<group>"; };
		C0061D7417C84C050072A67A /* TestCase_Core_Thread_RWLock.h */ = {isa = PBXFileReference; fileEncoding = 4; lastKnownFileType = sourcecode.c.h; path = TestCase_Core_Thread_RWLock.h; sourceTree = "<group>"; };
		C0061D7517C84C050072A67A /* TestCase_Core_Thread_Semaphore.cpp */ = {isa = PBXFileReference; fileEncoding = 4; lastKnownFileType = sourcecode.cpp.cpp; path = TestCase_Core_Thread_Semaphore.cpp; sourceTree = "<group>"; };
		C0061D7617C84C050072A67A /* TestCase_Core_Thread_Semaphore.h */ = {isa = PBXFileReference; fileEncoding = 4; lastKnownFileType = sourcecode.c.h; path = TestCase_Core_Thread_Semaphore.h; sourceTree = "<group>"; };
		C0061D7717C84C050072A67A /* TestCase_Core_Thread_Task.cpp */ = {isa = PBXFileReference; fileEncoding = 4; lastKnownFileType = sourcecode.cpp.cpp; path = TestCase_Core_Thread_Task.cpp; sourceTree = "<group>"; };
		C0061D7817C84C050072A67A /* TestCase_Core_Thread_Task.h */ = {isa = PBXFileReference; fileEncoding = 4; lastKnownFileType = sourcecode.c.h; path = TestCase_Core_Thread_Task.h; sourceTree = "<group>"; };
		C0061D7917C84C050072A67A /* TestCase_Core_Thread_ThreadMgr.cpp */ = {isa = PBXFileReference; fileEncoding = 4; lastKnownFileType = sourcecode.cpp.cpp; path = TestCase_Core_Thread_ThreadMgr.cpp; sourceTree = "<group>"; };
		C0061D7A17C84C050072A67A /* TestCase_Core_Thread_ThreadMgr.h */ = {isa = PBXFileReference; fileEncoding = 4; lastKnownFileType = sourcecode.c.h; path = TestCase_Core_Thread_ThreadMgr.h; sourceTree = "<group>"; };
		C0061D7B17C84C050072A67A /* TestCase_Core_Thread_Tls.cpp */ = {isa = PBXFileReference; fileEncoding = 4; lastKnownFileType = sourcecode.cpp.cpp; path = TestCase_Core_Thread_Tls.cpp; sourceTree = "<group>"; };
		C0061D7C17C84C050072A67A /* TestCase_Core_Thread_Tls.h */ = {isa = PBXFileReference; fileEncoding = 4; lastKnownFileType = sourcecode.c.h; path = TestCase_Core_Thread_Tls.h; sourceTree = "<group>"; };
		C0061D7E17C84C050072A67A /* TestCase_Core_Time_Time.cpp */ = {isa = PBXFileReference; fileEncoding = 4; lastKnownFileType = sourcecode.cpp.cpp; path = TestCase_Core_Time_Time.cpp; sourceTree = "<group>"; };
		C0061D7F17C84C050072A67A /* TestCase_Core_Time_Time.h */ = {isa = PBXFileReference; fileEncoding = 4; lastKnownFileType = sourcecode.c.h; path = TestCase_Core_Time_Time.h; sourceTree = "<group>"; };
		C0061D8117C84C050072A67A /* TestCase_Core_Utils_Algorithm.cpp */ = {isa = PBXFileReference; fileEncoding = 4; lastKnownFileType = sourcecode.cpp.cpp; path = TestCase_Core_Utils_Algorithm.cpp; sourceTree = "<group>"; };
		C0061D8217C84C050072A67A /* TestCase_Core_Utils_Algorithm.h */ = {isa = PBXFileReference; fileEncoding = 4; lastKnownFileType = sourcecode.c.h; path = TestCase_Core_Utils_Algorithm.h; sourceTree = "<group>"; };
		C0061D8317C84C050072A67A /* TestCase_Core_Utils_Coder.cpp */ = {isa = PBXFileReference; fileEncoding = 4; lastKnownFileType = sourcecode.cpp.cpp; path = TestCase_Core_Utils_Coder.cpp; sourceTree = "<group>"; };
		C0061D8417C84C050072A67A /* TestCase_Core_Utils_Coder.h */ = {isa = PBXFileReference; fileEncoding = 4; lastKnownFileType = sourcecode.c.h; path = TestCase_Core_Utils_Coder.h; sourceTree = "<group>"; };
		C0061D8517C84C050072A67A /* TestCase_Core_Utils_Debug.cpp */ = {isa = PBXFileReference; fileEncoding = 4; lastKnownFileType = sourcecode.cpp.cpp; path = TestCase_Core_Utils_Debug.cpp; sourceTree = "<group>"; };
		C0061D8617C84C050072A67A /* TestCase_Core_Utils_Debug.h */ = {isa = PBXFileReference; fileEncoding = 4; lastKnownFileType = sourcecode.c.h; path = TestCase_Core_Utils_Debug.h; sourceTree = "<group>"; };
		C0061D8717C84C050072A67A /* TestCase_Core_Utils_Delegate.cpp */ = {isa = PBXFileReference; fileEncoding = 4; lastKnownFileType = sourcecode.cpp.cpp; path = TestCase_Core_Utils_Delegate.cpp; sourceTree = "<group>"; };
		C0061D8817C84C050072A67A /* TestCase_Core_Utils_Delegate.h */ = {isa = PBXFileReference; fileEncoding = 4; lastKnownFileType = sourcecode.c.h; path = TestCase_Core_Utils_Delegate.h; sourceTree = "<group>"; };
		C0061D8917C84C050072A67A /* TestCase_Core_Utils_MD5.cpp */ = {isa = PBXFileReference; fileEncoding = 4; lastKnownFileType = sourcecode.cpp.cpp; path = TestCase_Core_Utils_MD5.cpp; sourceTree = "<group>"; };
		C0061D8A17C84C050072A67A /* TestCase_Core_Utils_MD5.h */ = {isa = PBXFileReference; fileEncoding = 4; lastKnownFileType = sourcecode.c.h; path = TestCase_Core_Utils_MD5.h; sourceTree = "<group>"; };
		C0061D8B17C84C050072A67A /* TestCase_Core_Utils_Text.cpp */ = {isa = PBXFileReference; fileEncoding = 4; lastKnownFileType = sourcecode.cpp.cpp; path = TestCase_Core_Utils_Text.cpp; sourceTree = "<group>"; };
		C0061D8C17C84C050072A67A /* TestCase_Core_Utils_Text.h */ = {isa = PBXFileReference; fileEncoding = 4; lastKnownFileType = sourcecode.c.h; path = TestCase_Core_Utils_Text.h; sourceTree = "<group>"; };
		C0061D8E17C84C050072A67A /* TestCase_Core_VariantTest.cpp */ = {isa = PBXFileReference; fileEncoding = 4; lastKnownFileType = sourcecode.cpp.cpp; path = TestCase_Core_VariantTest.cpp; sourceTree = "<group>"; };
		C0061D8F17C84C050072A67A /* TestCase_Core_VariantTest.h */ = {isa = PBXFileReference; fileEncoding = 4; lastKnownFileType = sourcecode.c.h; path = TestCase_Core_VariantTest.h; sourceTree = "<group>"; };
		C029E77A17C9F9740043C81D /* TestCase_Core_Bundle.cpp */ = {isa = PBXFileReference; fileEncoding = 4; lastKnownFileType = sourcecode.cpp.cpp; path = TestCase_Core_Bundle.cpp; sourceTree = "<group>"; };
		C029E77B17C9F9740043C81D /* TestCase_Core_Bundle.h */ = {isa = PBXFileReference; fileEncoding = 4; lastKnownFileType = sourcecode.c.h; path = TestCase_Core_Bundle.h; sourceTree = "<group>"; };
		C0357E3318069BA300D3A6C8 /* TestCase_Core_Library.cpp */ = {isa = PBXFileReference; lastKnownFileType = sourcecode.cpp.cpp; name = TestCase_Core_Library.cpp; path = library/TestCase_Core_Library.cpp; sourceTree = "<group>"; };
		C0357E3418069BA300D3A6C8 /* TestCase_Core_Library.h */ = {isa = PBXFileReference; lastKnownFileType = sourcecode.c.h; name = TestCase_Core_Library.h; path = library/TestCase_Core_Library.h; sourceTree = "<group>"; };
		C0357E3618069BB600D3A6C8 /* TestCase_Core_Transcoder.cpp */ = {isa = PBXFileReference; lastKnownFileType = sourcecode.cpp.cpp; name = TestCase_Core_Transcoder.cpp; path = transcoder/TestCase_Core_Transcoder.cpp; sourceTree = "<group>"; };
		C0357E3718069BB600D3A6C8 /* TestCase_Core_Transcoder.h */ = {isa = PBXFileReference; lastKnownFileType = sourcecode.c.h; name = TestCase_Core_Transcoder.h; path = transcoder/TestCase_Core_Transcoder.h; sourceTree = "<group>"; };
		C0357E3818069BB600D3A6C8 /* Transcoder_Test_GBK.txt */ = {isa = PBXFileReference; lastKnownFileType = text; name = Transcoder_Test_GBK.txt; path = transcoder/Transcoder_Test_GBK.txt; sourceTree = "<group>"; };
		C0357E3918069BB600D3A6C8 /* Transcoder_Test_UTF8.txt */ = {isa = PBXFileReference; lastKnownFileType = text; name = Transcoder_Test_UTF8.txt; path = transcoder/Transcoder_Test_UTF8.txt; sourceTree = "<group>"; };
		C0357E3A18069BB600D3A6C8 /* Transcoder_Test_UTF16.txt */ = {isa = PBXFileReference; lastKnownFileType = text; name = Transcoder_Test_UTF16.txt; path = transcoder/Transcoder_Test_UTF16.txt; sourceTree = "<group>"; };
		C08DE36917C8B9D500DE78E9 /* TestCase_Core_OS_Directory.cpp */ = {isa = PBXFileReference; lastKnownFileType = sourcecode.cpp.cpp; path = TestCase_Core_OS_Directory.cpp; sourceTree = "<group>"; };
		C08DE36A17C8B9D500DE78E9 /* TestCase_Core_OS_Directory.h */ = {isa = PBXFileReference; lastKnownFileType = sourcecode.c.h; path = TestCase_Core_OS_Directory.h; sourceTree = "<group>"; };
		C0B3AF5A18575DCE00A6E763 /* TestCase_Comm_Client.cpp */ = {isa = PBXFileReference; fileEncoding = 4; lastKnownFileType = sourcecode.cpp.cpp; path = TestCase_Comm_Client.cpp; sourceTree = "<group>"; };
		C0B3AF5B18575DCE00A6E763 /* TestCase_Comm_Client.h */ = {isa = PBXFileReference; fileEncoding = 4; lastKnownFileType = sourcecode.c.h; path = TestCase_Comm_Client.h; sourceTree = "<group>"; };
		C0B3AF5C18575DCE00A6E763 /* TestCase_Comm_Facade.cpp */ = {isa = PBXFileReference; fileEncoding = 4; lastKnownFileType = sourcecode.cpp.cpp; path = TestCase_Comm_Facade.cpp; sourceTree = "<group>"; };
		C0B3AF5D18575DCE00A6E763 /* TestCase_Comm_Facade.h */ = {isa = PBXFileReference; fileEncoding = 4; lastKnownFileType = sourcecode.c.h; path = TestCase_Comm_Facade.h; sourceTree = "<group>"; };
		C0B3AF5E18575DCE00A6E763 /* TestCase_Comm_ID.h */ = {isa = PBXFileReference; fileEncoding = 4; lastKnownFileType = sourcecode.c.h; path = TestCase_Comm_ID.h; sourceTree = "<group>"; };
		C0B3AF5F18575DCE00A6E763 /* TestCase_Comm_Opcode.h */ = {isa = PBXFileReference; fileEncoding = 4; lastKnownFileType = sourcecode.c.h; path = TestCase_Comm_Opcode.h; sourceTree = "<group>"; };
		C0B3AF6018575DCE00A6E763 /* TestCase_Comm_Packet.cpp */ = {isa = PBXFileReference; fileEncoding = 4; lastKnownFileType = sourcecode.cpp.cpp; path = TestCase_Comm_Packet.cpp; sourceTree = "<group>"; };
		C0B3AF6118575DCE00A6E763 /* TestCase_Comm_Packet.h */ = {isa = PBXFileReference; fileEncoding = 4; lastKnownFileType = sourcecode.c.h; path = TestCase_Comm_Packet.h; sourceTree = "<group>"; };
		C0B3AF6218575DCE00A6E763 /* TestCase_Comm_RawClient.cpp */ = {isa = PBXFileReference; fileEncoding = 4; lastKnownFileType = sourcecode.cpp.cpp; path = TestCase_Comm_RawClient.cpp; sourceTree = "<group>"; };
		C0B3AF6318575DCE00A6E763 /* TestCase_Comm_RawClient.h */ = {isa = PBXFileReference; fileEncoding = 4; lastKnownFileType = sourcecode.c.h; path = TestCase_Comm_RawClient.h; sourceTree = "<group>"; };
		C0B3AF6418575DCE00A6E763 /* TestCase_Comm_RawServer.cpp */ = {isa = PBXFileReference; fileEncoding = 4; lastKnownFileType = sourcecode.cpp.cpp; path = TestCase_Comm_RawServer.cpp; sourceTree = "<group>"; };
		C0B3AF6518575DCE00A6E763 /* TestCase_Comm_RawServer.h */ = {isa = PBXFileReference; fileEncoding = 4; lastKnownFileType = sourcecode.c.h; path = TestCase_Comm_RawServer.h; sourceTree = "<group>"; };
		C0B3AF6618575DCE00A6E763 /* TestCase_Comm_Server.cpp */ = {isa = PBXFileReference; fileEncoding = 4; lastKnownFileType = sourcecode.cpp.cpp; path = TestCase_Comm_Server.cpp; sourceTree = "<group>"; };
		C0B3AF6718575DCE00A6E763 /* TestCase_Comm_Server.h */ = {isa = PBXFileReference; fileEncoding = 4; lastKnownFileType = sourcecode.c.h; path = TestCase_Comm_Server.h; sourceTree = "<group>"; };
		C0B3AF6818575DCE00A6E763 /* TestCase_Comm_ServiceSamplerTimer.cpp */ = {isa = PBXFileReference; fileEncoding = 4; lastKnownFileType = sourcecode.cpp.cpp; path = TestCase_Comm_ServiceSamplerTimer.cpp; sourceTree = "<group>"; };
		C0B3AF6918575DCE00A6E763 /* TestCase_Comm_ServiceSamplerTimer.h */ = {isa = PBXFileReference; fileEncoding = 4; lastKnownFileType = sourcecode.c.h; path = TestCase_Comm_ServiceSamplerTimer.h; sourceTree = "<group>"; };
		C0B3AF6A18575DCE00A6E763 /* TestCase_Comm_Timer.cpp */ = {isa = PBXFileReference; fileEncoding = 4; lastKnownFileType = sourcecode.cpp.cpp; path = TestCase_Comm_Timer.cpp; sourceTree = "<group>"; };
		C0B3AF6B18575DCE00A6E763 /* TestCase_Comm_Timer.h */ = {isa = PBXFileReference; fileEncoding = 4; lastKnownFileType = sourcecode.c.h; path = TestCase_Comm_Timer.h; sourceTree = "<group>"; };
		C0B3AF7E18580C9C00A6E763 /* libiconv.dylib */ = {isa = PBXFileReference; lastKnownFileType = "compiled.mach-o.dylib"; name = libiconv.dylib; path = usr/lib/libiconv.dylib; sourceTree = SDKROOT; };
		C0F3F27D17CCAE9900B01F22 /* libllbc.a */ = {isa = PBXFileReference; lastKnownFileType = archive.ar; name = libllbc.a; path = ../llbc/lib/libllbc.a; sourceTree = "<group>"; };
/* End PBXFileReference section */

/* Begin PBXFrameworksBuildPhase section */
		C0061CFE17C847730072A67A /* Frameworks */ = {
			isa = PBXFrameworksBuildPhase;
			buildActionMask = 2147483647;
			files = (
				C0B3AF80185835FB00A6E763 /* libiconv.dylib in Frameworks */,
				C0061D0517C847730072A67A /* UIKit.framework in Frameworks */,
				C0061D0717C847730072A67A /* Foundation.framework in Frameworks */,
				C0061D0917C847730072A67A /* CoreGraphics.framework in Frameworks */,
				C0F3F27E17CCAE9900B01F22 /* libllbc.a in Frameworks */,
			);
			runOnlyForDeploymentPostprocessing = 0;
		};
/* End PBXFrameworksBuildPhase section */

/* Begin PBXGroup section */
		C0061CF817C847730072A67A = {
			isa = PBXGroup;
			children = (
				C0F3F27D17CCAE9900B01F22 /* libllbc.a */,
				C0061D0A17C847730072A67A /* testsuite */,
				C0061D0317C847730072A67A /* Frameworks */,
				C0061D0217C847730072A67A /* Products */,
			);
			sourceTree = "<group>";
		};
		C0061D0217C847730072A67A /* Products */ = {
			isa = PBXGroup;
			children = (
				C0061D0117C847730072A67A /* testsuite.app */,
			);
			name = Products;
			sourceTree = "<group>";
		};
		C0061D0317C847730072A67A /* Frameworks */ = {
			isa = PBXGroup;
			children = (
				C0B3AF7E18580C9C00A6E763 /* libiconv.dylib */,
				C0061D0417C847730072A67A /* UIKit.framework */,
				C0061D0617C847730072A67A /* Foundation.framework */,
				C0061D0817C847730072A67A /* CoreGraphics.framework */,
			);
			name = Frameworks;
			sourceTree = "<group>";
		};
		C0061D0A17C847730072A67A /* testsuite */ = {
			isa = PBXGroup;
			children = (
				C0061D3417C84C050072A67A /* common */,
				C0061D3D17C84C050072A67A /* communication */,
				C0061D4C17C84C050072A67A /* core */,
				C0061D2F17C84A0A0072A67A /* Main_IOS.mm */,
				C0061D3217C84BEE0072A67A /* TestSuite.cpp */,
				C0061D3317C84BEE0072A67A /* TestSuite.h */,
				C0061D2117C848E50072A67A /* AppDelegate.h */,
				C0061D2217C848E50072A67A /* AppDelegate.mm */,
				C0061D0B17C847730072A67A /* Supporting Files */,
			);
			path = testsuite;
			sourceTree = "<group>";
		};
		C0061D0B17C847730072A67A /* Supporting Files */ = {
			isa = PBXGroup;
			children = (
				C0061D2417C848F60072A67A /* Default-568h@2x.png */,
				C0061D2517C848F60072A67A /* Default.png */,
				C0061D2917C849000072A67A /* InfoPlist.strings */,
				C0061D2617C848F60072A67A /* Default@2x.png */,
				C0061D2717C848F60072A67A /* testsuite-Info.plist */,
				C0061D2817C848F60072A67A /* testsuite-Prefix.pch */,
			);
			name = "Supporting Files";
			sourceTree = "<group>";
		};
		C0061D3417C84C050072A67A /* common */ = {
			isa = PBXGroup;
			children = (
				C0061D3517C84C050072A67A /* TestCase_Com_DataType.cpp */,
				C0061D3617C84C050072A67A /* TestCase_Com_DataType.h */,
				C0061D3717C84C050072A67A /* TestCase_Com_Error.cpp */,
				C0061D3817C84C050072A67A /* TestCase_Com_Error.h */,
				C0061D3917C84C050072A67A /* TestCase_Com_Stream.cpp */,
				C0061D3A17C84C050072A67A /* TestCase_Com_Stream.h */,
				C0061D3B17C84C050072A67A /* TestCase_Com_Version.cpp */,
				C0061D3C17C84C050072A67A /* TestCase_Com_Version.h */,
			);
			path = common;
			sourceTree = SOURCE_ROOT;
		};
		C0061D3D17C84C050072A67A /* communication */ = {
			isa = PBXGroup;
			children = (
				C0B3AF5A18575DCE00A6E763 /* TestCase_Comm_Client.cpp */,
				C0B3AF5B18575DCE00A6E763 /* TestCase_Comm_Client.h */,
				C0B3AF5C18575DCE00A6E763 /* TestCase_Comm_Facade.cpp */,
				C0B3AF5D18575DCE00A6E763 /* TestCase_Comm_Facade.h */,
				C0B3AF5E18575DCE00A6E763 /* TestCase_Comm_ID.h */,
				C0B3AF5F18575DCE00A6E763 /* TestCase_Comm_Opcode.h */,
				C0B3AF6018575DCE00A6E763 /* TestCase_Comm_Packet.cpp */,
				C0B3AF6118575DCE00A6E763 /* TestCase_Comm_Packet.h */,
				C0B3AF6218575DCE00A6E763 /* TestCase_Comm_RawClient.cpp */,
				C0B3AF6318575DCE00A6E763 /* TestCase_Comm_RawClient.h */,
				C0B3AF6418575DCE00A6E763 /* TestCase_Comm_RawServer.cpp */,
				C0B3AF6518575DCE00A6E763 /* TestCase_Comm_RawServer.h */,
				C0B3AF6618575DCE00A6E763 /* TestCase_Comm_Server.cpp */,
				C0B3AF6718575DCE00A6E763 /* TestCase_Comm_Server.h */,
				C0B3AF6818575DCE00A6E763 /* TestCase_Comm_ServiceSamplerTimer.cpp */,
				C0B3AF6918575DCE00A6E763 /* TestCase_Comm_ServiceSamplerTimer.h */,
				C0B3AF6A18575DCE00A6E763 /* TestCase_Comm_Timer.cpp */,
				C0B3AF6B18575DCE00A6E763 /* TestCase_Comm_Timer.h */,
			);
			path = communication;
			sourceTree = SOURCE_ROOT;
		};
		C0061D4C17C84C050072A67A /* core */ = {
			isa = PBXGroup;
			children = (
				C029E77917C9F9740043C81D /* bundle */,
				C0061D4D17C84C050072A67A /* config */,
				C0061D5417C84C050072A67A /* entity */,
				C0061D5717C84C050072A67A /* file */,
				C0061D5C17C84C050072A67A /* helper */,
				C0357E3218069B9000D3A6C8 /* library */,
				C0061D5F17C84C050072A67A /* log */,
				C0061D6317C84C050072A67A /* os */,
				C0061D6817C84C050072A67A /* random */,
				C0061D6B17C84C050072A67A /* serialize */,
				C0061D6E17C84C050072A67A /* thread */,
				C0061D7D17C84C050072A67A /* time */,
				C0357E3518069BAE00D3A6C8 /* transcoder */,
				C0061D8017C84C050072A67A /* utils */,
				C0061D8D17C84C050072A67A /* variant */,
			);
			path = core;
			sourceTree = SOURCE_ROOT;
		};
		C0061D4D17C84C050072A67A /* config */ = {
			isa = PBXGroup;
			children = (
				C0061D4E17C84C050072A67A /* test_cfg.cfg */,
				C0061D4F17C84C050072A67A /* test_json.json */,
				C0061D5017C84C050072A67A /* TestCase_Core_Config_Config.cpp */,
				C0061D5117C84C050072A67A /* TestCase_Core_Config_Config.h */,
				C0061D5217C84C050072A67A /* TestCase_Core_Config_Properties.cpp */,
				C0061D5317C84C050072A67A /* TestCase_Core_Config_Properties.h */,
			);
			path = config;
			sourceTree = "<group>";
		};
		C0061D5417C84C050072A67A /* entity */ = {
			isa = PBXGroup;
			children = (
				C0061D5517C84C050072A67A /* TestCase_Core_Entity.cpp */,
				C0061D5617C84C050072A67A /* TestCase_Core_Entity.h */,
			);
			path = entity;
			sourceTree = "<group>";
		};
		C0061D5717C84C050072A67A /* file */ = {
			isa = PBXGroup;
			children = (
				C0061D5817C84C050072A67A /* TestCase_Core_File_Directory.cpp */,
				C0061D5917C84C050072A67A /* TestCase_Core_File_Directory.h */,
				C0061D5A17C84C050072A67A /* TestCase_Core_File_File.cpp */,
				C0061D5B17C84C050072A67A /* TestCase_Core_File_File.h */,
			);
			path = file;
			sourceTree = "<group>";
		};
		C0061D5C17C84C050072A67A /* helper */ = {
			isa = PBXGroup;
			children = (
				C0061D5D17C84C050072A67A /* TestCase_Core_Helper_StlHelper.cpp */,
				C0061D5E17C84C050072A67A /* TestCase_Core_Helper_StlHelper.h */,
			);
			path = helper;
			sourceTree = "<group>";
		};
		C0061D5F17C84C050072A67A /* log */ = {
			isa = PBXGroup;
			children = (
				C0061D6017C84C050072A67A /* Logger_Cfg.cfg */,
				C0061D6117C84C050072A67A /* TestCase_Core_Log.cpp */,
				C0061D6217C84C050072A67A /* TestCase_Core_Log.h */,
			);
			path = log;
			sourceTree = "<group>";
		};
		C0061D6317C84C050072A67A /* os */ = {
			isa = PBXGroup;
			children = (
				C08DE36917C8B9D500DE78E9 /* TestCase_Core_OS_Directory.cpp */,
				C08DE36A17C8B9D500DE78E9 /* TestCase_Core_OS_Directory.h */,
				C0061D6417C84C050072A67A /* TestCase_Core_OS_Console.cpp */,
				C0061D6517C84C050072A67A /* TestCase_Core_OS_Console.h */,
				C0061D6617C84C050072A67A /* TestCase_Core_OS_Thread.cpp */,
				C0061D6717C84C050072A67A /* TestCase_Core_OS_Thread.h */,
			);
			path = os;
			sourceTree = "<group>";
		};
		C0061D6817C84C050072A67A /* random */ = {
			isa = PBXGroup;
			children = (
				C0061D6917C84C050072A67A /* TestCase_Core_Random.cpp */,
				C0061D6A17C84C050072A67A /* TestCase_Core_Random.h */,
			);
			path = random;
			sourceTree = "<group>";
		};
		C0061D6B17C84C050072A67A /* serialize */ = {
			isa = PBXGroup;
			children = (
				C0061D6C17C84C050072A67A /* TestCase_Core_Serialize.cpp */,
				C0061D6D17C84C050072A67A /* TestCase_Core_Serialize.h */,
			);
			path = serialize;
			sourceTree = "<group>";
		};
		C0061D6E17C84C050072A67A /* thread */ = {
			isa = PBXGroup;
			children = (
				C0061D6F17C84C050072A67A /* TestCase_Core_Thread_CV.cpp */,
				C0061D7017C84C050072A67A /* TestCase_Core_Thread_CV.h */,
				C0061D7117C84C050072A67A /* TestCase_Core_Thread_Lock.cpp */,
				C0061D7217C84C050072A67A /* TestCase_Core_Thread_Lock.h */,
				C0061D7317C84C050072A67A /* TestCase_Core_Thread_RWLock.cpp */,
				C0061D7417C84C050072A67A /* TestCase_Core_Thread_RWLock.h */,
				C0061D7517C84C050072A67A /* TestCase_Core_Thread_Semaphore.cpp */,
				C0061D7617C84C050072A67A /* TestCase_Core_Thread_Semaphore.h */,
				C0061D7717C84C050072A67A /* TestCase_Core_Thread_Task.cpp */,
				C0061D7817C84C050072A67A /* TestCase_Core_Thread_Task.h */,
				C0061D7917C84C050072A67A /* TestCase_Core_Thread_ThreadMgr.cpp */,
				C0061D7A17C84C050072A67A /* TestCase_Core_Thread_ThreadMgr.h */,
				C0061D7B17C84C050072A67A /* TestCase_Core_Thread_Tls.cpp */,
				C0061D7C17C84C050072A67A /* TestCase_Core_Thread_Tls.h */,
			);
			path = thread;
			sourceTree = "<group>";
		};
		C0061D7D17C84C050072A67A /* time */ = {
			isa = PBXGroup;
			children = (
				C0061D7E17C84C050072A67A /* TestCase_Core_Time_Time.cpp */,
				C0061D7F17C84C050072A67A /* TestCase_Core_Time_Time.h */,
			);
			path = time;
			sourceTree = "<group>";
		};
		C0061D8017C84C050072A67A /* utils */ = {
			isa = PBXGroup;
			children = (
				C0061D8117C84C050072A67A /* TestCase_Core_Utils_Algorithm.cpp */,
				C0061D8217C84C050072A67A /* TestCase_Core_Utils_Algorithm.h */,
				C0061D8317C84C050072A67A /* TestCase_Core_Utils_Coder.cpp */,
				C0061D8417C84C050072A67A /* TestCase_Core_Utils_Coder.h */,
				C0061D8517C84C050072A67A /* TestCase_Core_Utils_Debug.cpp */,
				C0061D8617C84C050072A67A /* TestCase_Core_Utils_Debug.h */,
				C0061D8717C84C050072A67A /* TestCase_Core_Utils_Delegate.cpp */,
				C0061D8817C84C050072A67A /* TestCase_Core_Utils_Delegate.h */,
				C0061D8917C84C050072A67A /* TestCase_Core_Utils_MD5.cpp */,
				C0061D8A17C84C050072A67A /* TestCase_Core_Utils_MD5.h */,
				C0061D8B17C84C050072A67A /* TestCase_Core_Utils_Text.cpp */,
				C0061D8C17C84C050072A67A /* TestCase_Core_Utils_Text.h */,
			);
			path = utils;
			sourceTree = "<group>";
		};
		C0061D8D17C84C050072A67A /* variant */ = {
			isa = PBXGroup;
			children = (
				C0061D8E17C84C050072A67A /* TestCase_Core_VariantTest.cpp */,
				C0061D8F17C84C050072A67A /* TestCase_Core_VariantTest.h */,
			);
			path = variant;
			sourceTree = "<group>";
		};
		C029E77917C9F9740043C81D /* bundle */ = {
			isa = PBXGroup;
			children = (
				C029E77A17C9F9740043C81D /* TestCase_Core_Bundle.cpp */,
				C029E77B17C9F9740043C81D /* TestCase_Core_Bundle.h */,
			);
			path = bundle;
			sourceTree = "<group>";
		};
		C0357E3218069B9000D3A6C8 /* library */ = {
			isa = PBXGroup;
			children = (
				C0357E3318069BA300D3A6C8 /* TestCase_Core_Library.cpp */,
				C0357E3418069BA300D3A6C8 /* TestCase_Core_Library.h */,
			);
			name = library;
			sourceTree = "<group>";
		};
		C0357E3518069BAE00D3A6C8 /* transcoder */ = {
			isa = PBXGroup;
			children = (
				C0357E3618069BB600D3A6C8 /* TestCase_Core_Transcoder.cpp */,
				C0357E3718069BB600D3A6C8 /* TestCase_Core_Transcoder.h */,
				C0357E3818069BB600D3A6C8 /* Transcoder_Test_GBK.txt */,
				C0357E3918069BB600D3A6C8 /* Transcoder_Test_UTF8.txt */,
				C0357E3A18069BB600D3A6C8 /* Transcoder_Test_UTF16.txt */,
			);
			name = transcoder;
			sourceTree = "<group>";
		};
/* End PBXGroup section */

/* Begin PBXNativeTarget section */
		C0061D0017C847730072A67A /* testsuite */ = {
			isa = PBXNativeTarget;
			buildConfigurationList = C0061D1E17C847730072A67A /* Build configuration list for PBXNativeTarget "testsuite" */;
			buildPhases = (
				C0061CFD17C847730072A67A /* Sources */,
				C0061CFF17C847730072A67A /* Resources */,
				C0061CFE17C847730072A67A /* Frameworks */,
				C05E284018588A0D00CD253E /* ShellScript */,
			);
			buildRules = (
			);
			dependencies = (
			);
			name = testsuite;
			productName = testsuite;
			productReference = C0061D0117C847730072A67A /* testsuite.app */;
			productType = "com.apple.product-type.application";
		};
/* End PBXNativeTarget section */

/* Begin PBXProject section */
		C0061CF917C847730072A67A /* Project object */ = {
			isa = PBXProject;
			attributes = {
				LastUpgradeCheck = 0500;
				ORGANIZATIONNAME = llbc;
			};
			buildConfigurationList = C0061CFC17C847730072A67A /* Build configuration list for PBXProject "testsuite" */;
			compatibilityVersion = "Xcode 3.2";
			developmentRegion = English;
			hasScannedForEncodings = 0;
			knownRegions = (
				en,
			);
			mainGroup = C0061CF817C847730072A67A;
			productRefGroup = C0061D0217C847730072A67A /* Products */;
			projectDirPath = "";
			projectRoot = "";
			targets = (
				C0061D0017C847730072A67A /* testsuite */,
			);
		};
/* End PBXProject section */

/* Begin PBXResourcesBuildPhase section */
		C0061CFF17C847730072A67A /* Resources */ = {
			isa = PBXResourcesBuildPhase;
			buildActionMask = 2147483647;
			files = (
				C0061D2C17C849650072A67A /* Default-568h@2x.png in Resources */,
				C0061D2D17C849650072A67A /* Default.png in Resources */,
				C0061D2E17C849650072A67A /* Default@2x.png in Resources */,
				C0061D2B17C849000072A67A /* InfoPlist.strings in Resources */,
				C0061D9A17C84C050072A67A /* test_cfg.cfg in Resources */,
				C0061D9B17C84C050072A67A /* test_json.json in Resources */,
				C0061DA217C84C050072A67A /* Logger_Cfg.cfg in Resources */,
			);
			runOnlyForDeploymentPostprocessing = 0;
		};
/* End PBXResourcesBuildPhase section */

/* Begin PBXShellScriptBuildPhase section */
		C05E284018588A0D00CD253E /* ShellScript */ = {
			isa = PBXShellScriptBuildPhase;
			buildActionMask = 2147483647;
			files = (
			);
			inputPaths = (
			);
			outputPaths = (
			);
			runOnlyForDeploymentPostprocessing = 0;
			shellPath = /bin/sh;
			shellScript = "";
		};
/* End PBXShellScriptBuildPhase section */

/* Begin PBXSourcesBuildPhase section */
		C0061CFD17C847730072A67A /* Sources */ = {
			isa = PBXSourcesBuildPhase;
			buildActionMask = 2147483647;
			files = (
				C0061D3117C84AC10072A67A /* AppDelegate.mm in Sources */,
				C0061D3017C84A0A0072A67A /* Main_IOS.mm in Sources */,
				C05B10FB17C887FA00A29854 /* TestSuite.cpp in Sources */,
				C0B3AF7018575DCE00A6E763 /* TestCase_Comm_RawServer.cpp in Sources */,
				C0061D9017C84C050072A67A /* TestCase_Com_DataType.cpp in Sources */,
				C0061D9117C84C050072A67A /* TestCase_Com_Error.cpp in Sources */,
				C0061D9217C84C050072A67A /* TestCase_Com_Stream.cpp in Sources */,
				C0061D9317C84C050072A67A /* TestCase_Com_Version.cpp in Sources */,
				C0061D9C17C84C050072A67A /* TestCase_Core_Config_Config.cpp in Sources */,
				C0061D9D17C84C050072A67A /* TestCase_Core_Config_Properties.cpp in Sources */,
				C0061D9E17C84C050072A67A /* TestCase_Core_Entity.cpp in Sources */,
				C0B3AF6F18575DCE00A6E763 /* TestCase_Comm_RawClient.cpp in Sources */,
				C0061D9F17C84C050072A67A /* TestCase_Core_File_Directory.cpp in Sources */,
				C0061DA017C84C050072A67A /* TestCase_Core_File_File.cpp in Sources */,
				C0061DA117C84C050072A67A /* TestCase_Core_Helper_StlHelper.cpp in Sources */,
				C0B3AF7318575DCE00A6E763 /* TestCase_Comm_Timer.cpp in Sources */,
				C0061DA317C84C050072A67A /* TestCase_Core_Log.cpp in Sources */,
				C0061DA417C84C050072A67A /* TestCase_Core_OS_Console.cpp in Sources */,
				C08DE36B17C9BFE000DE78E9 /* TestCase_Core_OS_Directory.cpp in Sources */,
				C0061DA517C84C050072A67A /* TestCase_Core_OS_Thread.cpp in Sources */,
				C0B3AF6E18575DCE00A6E763 /* TestCase_Comm_Packet.cpp in Sources */,
				C0061DA617C84C050072A67A /* TestCase_Core_Random.cpp in Sources */,
				C0061DA717C84C050072A67A /* TestCase_Core_Serialize.cpp in Sources */,
				C0061DA817C84C050072A67A /* TestCase_Core_Thread_CV.cpp in Sources */,
				C0061DA917C84C050072A67A /* TestCase_Core_Thread_Lock.cpp in Sources */,
				C0B3AF7218575DCE00A6E763 /* TestCase_Comm_ServiceSamplerTimer.cpp in Sources */,
				C0B3AF7118575DCE00A6E763 /* TestCase_Comm_Server.cpp in Sources */,
				C0061DAA17C84C050072A67A /* TestCase_Core_Thread_RWLock.cpp in Sources */,
				C0061DAB17C84C050072A67A /* TestCase_Core_Thread_Semaphore.cpp in Sources */,
				C0061DAC17C84C050072A67A /* TestCase_Core_Thread_Task.cpp in Sources */,
				C0061DAD17C84C050072A67A /* TestCase_Core_Thread_ThreadMgr.cpp in Sources */,
				C0061DAE17C84C050072A67A /* TestCase_Core_Thread_Tls.cpp in Sources */,
				C0B3AF6C18575DCE00A6E763 /* TestCase_Comm_Client.cpp in Sources */,
				C0061DAF17C84C050072A67A /* TestCase_Core_Time_Time.cpp in Sources */,
				C0061DB017C84C050072A67A /* TestCase_Core_Utils_Algorithm.cpp in Sources */,
				C0061DB117C84C050072A67A /* TestCase_Core_Utils_Coder.cpp in Sources */,
				C0061DB217C84C050072A67A /* TestCase_Core_Utils_Debug.cpp in Sources */,
				C0061DB317C84C050072A67A /* TestCase_Core_Utils_Delegate.cpp in Sources */,
				C0061DB417C84C050072A67A /* TestCase_Core_Utils_MD5.cpp in Sources */,
				C0061DB517C84C050072A67A /* TestCase_Core_Utils_Text.cpp in Sources */,
				C0061DB617C84C050072A67A /* TestCase_Core_VariantTest.cpp in Sources */,
				C029E77C17C9F9740043C81D /* TestCase_Core_Bundle.cpp in Sources */,
				C0B3AF6D18575DCE00A6E763 /* TestCase_Comm_Facade.cpp in Sources */,
			);
			runOnlyForDeploymentPostprocessing = 0;
		};
/* End PBXSourcesBuildPhase section */

/* Begin PBXVariantGroup section */
		C0061D2917C849000072A67A /* InfoPlist.strings */ = {
			isa = PBXVariantGroup;
			children = (
				C0061D2A17C849000072A67A /* en */,
			);
			name = InfoPlist.strings;
			sourceTree = "<group>";
		};
/* End PBXVariantGroup section */

/* Begin XCBuildConfiguration section */
		C0061D1C17C847730072A67A /* Debug */ = {
			isa = XCBuildConfiguration;
			buildSettings = {
				ALWAYS_SEARCH_USER_PATHS = NO;
				CLANG_CXX_LANGUAGE_STANDARD = "gnu++0x";
				CLANG_CXX_LIBRARY = "libc++";
				CLANG_WARN_CONSTANT_CONVERSION = YES;
				CLANG_WARN_EMPTY_BODY = YES;
				CLANG_WARN_ENUM_CONVERSION = YES;
				CLANG_WARN_INT_CONVERSION = YES;
				CLANG_WARN__DUPLICATE_METHOD_MATCH = YES;
				"CODE_SIGN_IDENTITY[sdk=iphoneos*]" = "iPhone Developer";
				COPY_PHASE_STRIP = NO;
				GCC_C_LANGUAGE_STANDARD = gnu99;
				GCC_DYNAMIC_NO_PIC = NO;
				GCC_OPTIMIZATION_LEVEL = 0;
				GCC_PREPROCESSOR_DEFINITIONS = (
					"DEBUG=1",
					"$(inherited)",
				);
				GCC_SYMBOLS_PRIVATE_EXTERN = NO;
				GCC_WARN_ABOUT_RETURN_TYPE = YES;
				GCC_WARN_UNINITIALIZED_AUTOS = YES;
				GCC_WARN_UNUSED_VARIABLE = YES;
				IPHONEOS_DEPLOYMENT_TARGET = 6.1;
				New_Setting = "";
				ONLY_ACTIVE_ARCH = YES;
				SDKROOT = iphoneos;
			};
			name = Debug;
		};
		C0061D1D17C847730072A67A /* Release */ = {
			isa = XCBuildConfiguration;
			buildSettings = {
				ALWAYS_SEARCH_USER_PATHS = NO;
				CLANG_CXX_LANGUAGE_STANDARD = "gnu++0x";
				CLANG_CXX_LIBRARY = "libc++";
				CLANG_WARN_CONSTANT_CONVERSION = YES;
				CLANG_WARN_EMPTY_BODY = YES;
				CLANG_WARN_ENUM_CONVERSION = YES;
				CLANG_WARN_INT_CONVERSION = YES;
				CLANG_WARN__DUPLICATE_METHOD_MATCH = YES;
				"CODE_SIGN_IDENTITY[sdk=iphoneos*]" = "iPhone Developer";
				COPY_PHASE_STRIP = YES;
				GCC_C_LANGUAGE_STANDARD = gnu99;
				GCC_WARN_ABOUT_RETURN_TYPE = YES;
				GCC_WARN_UNINITIALIZED_AUTOS = YES;
				GCC_WARN_UNUSED_VARIABLE = YES;
				IPHONEOS_DEPLOYMENT_TARGET = 6.1;
				New_Setting = "";
				OTHER_CFLAGS = "-DNS_BLOCK_ASSERTIONS=1";
				SDKROOT = iphoneos;
				VALIDATE_PRODUCT = YES;
			};
			name = Release;
		};
		C0061D1F17C847730072A67A /* Debug */ = {
			isa = XCBuildConfiguration;
			buildSettings = {
				CLANG_CXX_LANGUAGE_STANDARD = "gnu++0x";
				CLANG_CXX_LIBRARY = "libstdc++";
				GCC_PRECOMPILE_PREFIX_HEADER = YES;
				GCC_PREFIX_HEADER = "ios_res/testsuite-Prefix.pch";
				HEADER_SEARCH_PATHS = (
					../llbc/include,
					.,
				);
				INFOPLIST_FILE = "ios_res/testsuite-Info.plist";
				LIBRARY_SEARCH_PATHS = ../llbc/lib;
				OTHER_CFLAGS = "-DTARGET_OS_IPHONE";
				PRODUCT_NAME = "$(TARGET_NAME)";
				WRAPPER_EXTENSION = app;
			};
			name = Debug;
		};
		C0061D2017C847730072A67A /* Release */ = {
			isa = XCBuildConfiguration;
			buildSettings = {
				CLANG_CXX_LANGUAGE_STANDARD = "gnu++0x";
				CLANG_CXX_LIBRARY = "libstdc++";
				GCC_PRECOMPILE_PREFIX_HEADER = YES;
				GCC_PREFIX_HEADER = "ios_res/testsuite-Prefix.pch";
				HEADER_SEARCH_PATHS = (
					../llbc/include,
					.,
				);
				INFOPLIST_FILE = "ios_res/testsuite-Info.plist";
				LIBRARY_SEARCH_PATHS = ../llbc/lib;
				OTHER_CFLAGS = (
					"-DNS_BLOCK_ASSERTIONS=1",
					"-DTARGET_OS_IPHONE",
				);
				PRODUCT_NAME = "$(TARGET_NAME)";
				WRAPPER_EXTENSION = app;
			};
			name = Release;
		};
/* End XCBuildConfiguration section */

/* Begin XCConfigurationList section */
		C0061CFC17C847730072A67A /* Build configuration list for PBXProject "testsuite" */ = {
			isa = XCConfigurationList;
			buildConfigurations = (
				C0061D1C17C847730072A67A /* Debug */,
				C0061D1D17C847730072A67A /* Release */,
			);
			defaultConfigurationIsVisible = 0;
			defaultConfigurationName = Release;
		};
		C0061D1E17C847730072A67A /* Build configuration list for PBXNativeTarget "testsuite" */ = {
			isa = XCConfigurationList;
			buildConfigurations = (
				C0061D1F17C847730072A67A /* Debug */,
				C0061D2017C847730072A67A /* Release */,
			);
			defaultConfigurationIsVisible = 0;
			defaultConfigurationName = Release;
		};
/* End XCConfigurationList section */
	};
	rootObject = C0061CF917C847730072A67A /* Project object */;
}
