
Microsoft Visual Studio Solution File, Format Version 10.00
# Visual Studio 2008
Project("{8BC9CEB8-8B4A-11D0-8D11-00A0C91BC942}") = "llbc", "vcprojs\vs2008\llbc.vcproj", "{8FF71FC2-C2A7-4C5C-89F0-268B9EF2A73E}"
EndProject
Project("{8BC9CEB8-8B4A-11D0-8D11-00A0C91BC942}") = "testsuite", "vcprojs\vs2008\testsuite.vcproj", "{F7F6B43D-5966-4257-8589-ED7DC1D61CC0}"
	ProjectSection(ProjectDependencies) = postProject
		{8FF71FC2-C2A7-4C5C-89F0-268B9EF2A73E} = {8FF71FC2-C2A7-4C5C-89F0-268B9EF2A73E}
	EndProjectSection
EndProject
Project("{8BC9CEB8-8B4A-11D0-8D11-00A0C91BC942}") = "pyllbc", "vcprojs\vs2008\pyllbc.vcproj", "{6DF692EA-5F80-4DB5-9127-3C09351F7422}"
	ProjectSection(ProjectDependencies) = postProject
		{F7F6B43D-5966-4257-8589-ED7DC1D61CC0} = {F7F6B43D-5966-4257-8589-ED7DC1D61CC0}
		{8FF71FC2-C2A7-4C5C-89F0-268B9EF2A73E} = {8FF71FC2-C2A7-4C5C-89F0-268B9EF2A73E}
	EndProjectSection
EndProject
Global
	GlobalSection(SolutionConfigurationPlatforms) = preSolution
		Debug|Win32 = Debug|Win32
		Release|Win32 = Release|Win32
	EndGlobalSection
	GlobalSection(ProjectConfigurationPlatforms) = postSolution
		{8FF71FC2-C2A7-4C5C-89F0-268B9EF2A73E}.Debug|Win32.ActiveCfg = Debug|x64
		{8FF71FC2-C2A7-4C5C-89F0-268B9EF2A73E}.Debug|Win32.Build.0 = Debug|x64
		{8FF71FC2-C2A7-4C5C-89F0-268B9EF2A73E}.Release|Win32.ActiveCfg = Release|Win32
		{8FF71FC2-C2A7-4C5C-89F0-268B9EF2A73E}.Release|Win32.Build.0 = Release|Win32
		{F7F6B43D-5966-4257-8589-ED7DC1D61CC0}.Debug|Win32.ActiveCfg = Debug|x64
		{F7F6B43D-5966-4257-8589-ED7DC1D61CC0}.Debug|Win32.Build.0 = Debug|x64
		{F7F6B43D-5966-4257-8589-ED7DC1D61CC0}.Release|Win32.ActiveCfg = Release|Win32
		{F7F6B43D-5966-4257-8589-ED7DC1D61CC0}.Release|Win32.Build.0 = Release|Win32
		{6DF692EA-5F80-4DB5-9127-3C09351F7422}.Debug|Win32.ActiveCfg = Debug|x64
		{6DF692EA-5F80-4DB5-9127-3C09351F7422}.Debug|Win32.Build.0 = Debug|x64
		{6DF692EA-5F80-4DB5-9127-3C09351F7422}.Release|Win32.ActiveCfg = Release|Win32
		{6DF692EA-5F80-4DB5-9127-3C09351F7422}.Release|Win32.Build.0 = Release|Win32
	EndGlobalSection
	GlobalSection(SolutionProperties) = preSolution
		HideSolutionNode = FALSE
	EndGlobalSection
EndGlobal
