
Microsoft Visual Studio Solution File, Format Version 10.00
# Visual Studio 2008
Project("{8BC9CEB8-8B4A-11D0-8D11-00A0C91BC942}") = "llbc", "llbc.vcproj", "{8FF71FC2-C2A7-4C5C-89F0-268B9EF2A73E}"
EndProject
Project("{8BC9CEB8-8B4A-11D0-8D11-00A0C91BC942}") = "testsuite", "testsuite.vcproj", "{F7F6B43D-5966-4257-8589-ED7DC1D61CC0}"
	ProjectSection(ProjectDependencies) = postProject
		{8FF71FC2-C2A7-4C5C-89F0-268B9EF2A73E} = {8FF71FC2-C2A7-4C5C-89F0-268B9EF2A73E}
	EndProjectSection
EndProject
Project("{8BC9CEB8-8B4A-11D0-8D11-00A0C91BC942}") = "pyllbc", "pyllbc.vcproj", "{6DF692EA-5F80-4DB5-9127-3C09351F7422}"
	ProjectSection(ProjectDependencies) = postProject
		{8FF71FC2-C2A7-4C5C-89F0-268B9EF2A73E} = {8FF71FC2-C2A7-4C5C-89F0-268B9EF2A73E}
	EndProjectSection
EndProject
Project("{2150E333-8FDC-42A3-9474-1A3956D46DE8}") = "csllbc", "csllbc", "{2558B31F-C1E7-4FB4-8868-DBCCED3F71FE}"
	ProjectSection(SolutionItems) = preProject
		..\..\wrap\csllbc\CHANGELOG = ..\..\wrap\csllbc\CHANGELOG
	EndProjectSection
EndProject
Project("{8BC9CEB8-8B4A-11D0-8D11-00A0C91BC942}") = "csllbc_native", "csllbc_native.vcproj", "{F2B48447-339D-497F-8E80-D3EF9B79D858}"
	ProjectSection(ProjectDependencies) = postProject
		{8FF71FC2-C2A7-4C5C-89F0-268B9EF2A73E} = {8FF71FC2-C2A7-4C5C-89F0-268B9EF2A73E}
	EndProjectSection
EndProject
Project("{FAE04EC0-301F-11D3-BF4B-00C04F79EFBC}") = "csllbc", "csllbc.csproj", "{CCBF2198-4CF6-43F5-8FB9-A75E4EB59056}"
	ProjectSection(ProjectDependencies) = postProject
		{F2B48447-339D-497F-8E80-D3EF9B79D858} = {F2B48447-339D-497F-8E80-D3EF9B79D858}
		{8FF71FC2-C2A7-4C5C-89F0-268B9EF2A73E} = {8FF71FC2-C2A7-4C5C-89F0-268B9EF2A73E}
	EndProjectSection
EndProject
Project("{FAE04EC0-301F-11D3-BF4B-00C04F79EFBC}") = "csllbc_testsuite", "csllbc_testsuite.csproj", "{706CC077-B3B5-4A47-A9D7-C0A5A37FC17F}"
	ProjectSection(ProjectDependencies) = postProject
		{F2B48447-339D-497F-8E80-D3EF9B79D858} = {F2B48447-339D-497F-8E80-D3EF9B79D858}
		{CCBF2198-4CF6-43F5-8FB9-A75E4EB59056} = {CCBF2198-4CF6-43F5-8FB9-A75E4EB59056}
		{8FF71FC2-C2A7-4C5C-89F0-268B9EF2A73E} = {8FF71FC2-C2A7-4C5C-89F0-268B9EF2A73E}
	EndProjectSection
EndProject
Global
	GlobalSection(SolutionConfigurationPlatforms) = preSolution
		Debug|Any CPU = Debug|Any CPU
		Debug|Mixed Platforms = Debug|Mixed Platforms
		Debug|Win32 = Debug|Win32
		Debug|x64 = Debug|x64
		Release|Any CPU = Release|Any CPU
		Release|Mixed Platforms = Release|Mixed Platforms
		Release|Win32 = Release|Win32
		Release|x64 = Release|x64
	EndGlobalSection
	GlobalSection(ProjectConfigurationPlatforms) = postSolution
		{8FF71FC2-C2A7-4C5C-89F0-268B9EF2A73E}.Debug|Any CPU.ActiveCfg = Debug|x64
		{8FF71FC2-C2A7-4C5C-89F0-268B9EF2A73E}.Debug|Mixed Platforms.ActiveCfg = Release|Win32
		{8FF71FC2-C2A7-4C5C-89F0-268B9EF2A73E}.Debug|Mixed Platforms.Build.0 = Release|Win32
		{8FF71FC2-C2A7-4C5C-89F0-268B9EF2A73E}.Debug|Win32.ActiveCfg = Release|Win32
		{8FF71FC2-C2A7-4C5C-89F0-268B9EF2A73E}.Debug|Win32.Build.0 = Release|Win32
		{8FF71FC2-C2A7-4C5C-89F0-268B9EF2A73E}.Debug|x64.ActiveCfg = Release|Win32
		{8FF71FC2-C2A7-4C5C-89F0-268B9EF2A73E}.Debug|x64.Build.0 = Release|Win32
		{8FF71FC2-C2A7-4C5C-89F0-268B9EF2A73E}.Release|Any CPU.ActiveCfg = Release|x64
		{8FF71FC2-C2A7-4C5C-89F0-268B9EF2A73E}.Release|Mixed Platforms.ActiveCfg = Release|Win32
		{8FF71FC2-C2A7-4C5C-89F0-268B9EF2A73E}.Release|Mixed Platforms.Build.0 = Release|Win32
		{8FF71FC2-C2A7-4C5C-89F0-268B9EF2A73E}.Release|Win32.ActiveCfg = Release|Win32
		{8FF71FC2-C2A7-4C5C-89F0-268B9EF2A73E}.Release|Win32.Build.0 = Release|Win32
		{8FF71FC2-C2A7-4C5C-89F0-268B9EF2A73E}.Release|x64.ActiveCfg = Release|x64
		{8FF71FC2-C2A7-4C5C-89F0-268B9EF2A73E}.Release|x64.Build.0 = Release|x64
		{F7F6B43D-5966-4257-8589-ED7DC1D61CC0}.Debug|Any CPU.ActiveCfg = Debug|x64
		{F7F6B43D-5966-4257-8589-ED7DC1D61CC0}.Debug|Mixed Platforms.ActiveCfg = Release|Win32
		{F7F6B43D-5966-4257-8589-ED7DC1D61CC0}.Debug|Mixed Platforms.Build.0 = Release|Win32
		{F7F6B43D-5966-4257-8589-ED7DC1D61CC0}.Debug|Win32.ActiveCfg = Release|Win32
		{F7F6B43D-5966-4257-8589-ED7DC1D61CC0}.Debug|Win32.Build.0 = Release|Win32
		{F7F6B43D-5966-4257-8589-ED7DC1D61CC0}.Debug|x64.ActiveCfg = Release|Win32
		{F7F6B43D-5966-4257-8589-ED7DC1D61CC0}.Debug|x64.Build.0 = Release|Win32
		{F7F6B43D-5966-4257-8589-ED7DC1D61CC0}.Release|Any CPU.ActiveCfg = Release|x64
		{F7F6B43D-5966-4257-8589-ED7DC1D61CC0}.Release|Mixed Platforms.ActiveCfg = Release|Win32
		{F7F6B43D-5966-4257-8589-ED7DC1D61CC0}.Release|Mixed Platforms.Build.0 = Release|Win32
		{F7F6B43D-5966-4257-8589-ED7DC1D61CC0}.Release|Win32.ActiveCfg = Release|Win32
		{F7F6B43D-5966-4257-8589-ED7DC1D61CC0}.Release|Win32.Build.0 = Release|Win32
		{F7F6B43D-5966-4257-8589-ED7DC1D61CC0}.Release|x64.ActiveCfg = Release|x64
		{F7F6B43D-5966-4257-8589-ED7DC1D61CC0}.Release|x64.Build.0 = Release|x64
		{6DF692EA-5F80-4DB5-9127-3C09351F7422}.Debug|Any CPU.ActiveCfg = Debug|x64
		{6DF692EA-5F80-4DB5-9127-3C09351F7422}.Debug|Mixed Platforms.ActiveCfg = Release|Win32
		{6DF692EA-5F80-4DB5-9127-3C09351F7422}.Debug|Mixed Platforms.Build.0 = Release|Win32
		{6DF692EA-5F80-4DB5-9127-3C09351F7422}.Debug|Win32.ActiveCfg = Release|Win32
		{6DF692EA-5F80-4DB5-9127-3C09351F7422}.Debug|Win32.Build.0 = Release|Win32
		{6DF692EA-5F80-4DB5-9127-3C09351F7422}.Debug|x64.ActiveCfg = Release|Win32
		{6DF692EA-5F80-4DB5-9127-3C09351F7422}.Debug|x64.Build.0 = Release|Win32
		{6DF692EA-5F80-4DB5-9127-3C09351F7422}.Release|Any CPU.ActiveCfg = Release|x64
		{6DF692EA-5F80-4DB5-9127-3C09351F7422}.Release|Mixed Platforms.ActiveCfg = Release|Win32
		{6DF692EA-5F80-4DB5-9127-3C09351F7422}.Release|Mixed Platforms.Build.0 = Release|Win32
		{6DF692EA-5F80-4DB5-9127-3C09351F7422}.Release|Win32.ActiveCfg = Release|Win32
		{6DF692EA-5F80-4DB5-9127-3C09351F7422}.Release|Win32.Build.0 = Release|Win32
		{6DF692EA-5F80-4DB5-9127-3C09351F7422}.Release|x64.ActiveCfg = Release|x64
		{6DF692EA-5F80-4DB5-9127-3C09351F7422}.Release|x64.Build.0 = Release|x64
		{F2B48447-339D-497F-8E80-D3EF9B79D858}.Debug|Any CPU.ActiveCfg = Debug|x64
		{F2B48447-339D-497F-8E80-D3EF9B79D858}.Debug|Mixed Platforms.ActiveCfg = Release|Win32
		{F2B48447-339D-497F-8E80-D3EF9B79D858}.Debug|Win32.ActiveCfg = Release|Win32
		{F2B48447-339D-497F-8E80-D3EF9B79D858}.Debug|Win32.Build.0 = Release|Win32
		{F2B48447-339D-497F-8E80-D3EF9B79D858}.Debug|x64.ActiveCfg = Release|Win32
		{F2B48447-339D-497F-8E80-D3EF9B79D858}.Debug|x64.Build.0 = Release|Win32
		{F2B48447-339D-497F-8E80-D3EF9B79D858}.Release|Any CPU.ActiveCfg = Release|x64
		{F2B48447-339D-497F-8E80-D3EF9B79D858}.Release|Mixed Platforms.ActiveCfg = Release|Win32
		{F2B48447-339D-497F-8E80-D3EF9B79D858}.Release|Mixed Platforms.Build.0 = Release|Win32
		{F2B48447-339D-497F-8E80-D3EF9B79D858}.Release|Win32.ActiveCfg = Release|Win32
		{F2B48447-339D-497F-8E80-D3EF9B79D858}.Release|Win32.Build.0 = Release|Win32
		{F2B48447-339D-497F-8E80-D3EF9B79D858}.Release|x64.ActiveCfg = Release|x64
		{F2B48447-339D-497F-8E80-D3EF9B79D858}.Release|x64.Build.0 = Release|x64
		{CCBF2198-4CF6-43F5-8FB9-A75E4EB59056}.Debug|Any CPU.ActiveCfg = Debug|Any CPU
		{CCBF2198-4CF6-43F5-8FB9-A75E4EB59056}.Debug|Any CPU.Build.0 = Debug|Any CPU
		{CCBF2198-4CF6-43F5-8FB9-A75E4EB59056}.Debug|Mixed Platforms.ActiveCfg = Release|Any CPU
		{CCBF2198-4CF6-43F5-8FB9-A75E4EB59056}.Debug|Win32.ActiveCfg = Debug|Any CPU
		{CCBF2198-4CF6-43F5-8FB9-A75E4EB59056}.Debug|x64.ActiveCfg = Debug|Any CPU
		{CCBF2198-4CF6-43F5-8FB9-A75E4EB59056}.Release|Any CPU.ActiveCfg = Release|Any CPU
		{CCBF2198-4CF6-43F5-8FB9-A75E4EB59056}.Release|Any CPU.Build.0 = Release|Any CPU
		{CCBF2198-4CF6-43F5-8FB9-A75E4EB59056}.Release|Mixed Platforms.ActiveCfg = Release|Any CPU
		{CCBF2198-4CF6-43F5-8FB9-A75E4EB59056}.Release|Mixed Platforms.Build.0 = Release|Any CPU
		{CCBF2198-4CF6-43F5-8FB9-A75E4EB59056}.Release|Win32.ActiveCfg = Release|Any CPU
		{CCBF2198-4CF6-43F5-8FB9-A75E4EB59056}.Release|x64.ActiveCfg = Release|Any CPU
		{706CC077-B3B5-4A47-A9D7-C0A5A37FC17F}.Debug|Any CPU.ActiveCfg = Debug|Any CPU
		{706CC077-B3B5-4A47-A9D7-C0A5A37FC17F}.Debug|Any CPU.Build.0 = Debug|Any CPU
		{706CC077-B3B5-4A47-A9D7-C0A5A37FC17F}.Debug|Mixed Platforms.ActiveCfg = Release|Any CPU
		{706CC077-B3B5-4A47-A9D7-C0A5A37FC17F}.Debug|Win32.ActiveCfg = Debug|Any CPU
		{706CC077-B3B5-4A47-A9D7-C0A5A37FC17F}.Debug|x64.ActiveCfg = Debug|Any CPU
		{706CC077-B3B5-4A47-A9D7-C0A5A37FC17F}.Release|Any CPU.ActiveCfg = Release|Any CPU
		{706CC077-B3B5-4A47-A9D7-C0A5A37FC17F}.Release|Any CPU.Build.0 = Release|Any CPU
		{706CC077-B3B5-4A47-A9D7-C0A5A37FC17F}.Release|Mixed Platforms.ActiveCfg = Release|Any CPU
		{706CC077-B3B5-4A47-A9D7-C0A5A37FC17F}.Release|Mixed Platforms.Build.0 = Release|Any CPU
		{706CC077-B3B5-4A47-A9D7-C0A5A37FC17F}.Release|Win32.ActiveCfg = Release|Any CPU
		{706CC077-B3B5-4A47-A9D7-C0A5A37FC17F}.Release|x64.ActiveCfg = Release|Any CPU
	EndGlobalSection
	GlobalSection(SolutionProperties) = preSolution
		HideSolutionNode = FALSE
	EndGlobalSection
	GlobalSection(NestedProjects) = preSolution
		{F2B48447-339D-497F-8E80-D3EF9B79D858} = {2558B31F-C1E7-4FB4-8868-DBCCED3F71FE}
		{CCBF2198-4CF6-43F5-8FB9-A75E4EB59056} = {2558B31F-C1E7-4FB4-8868-DBCCED3F71FE}
		{706CC077-B3B5-4A47-A9D7-C0A5A37FC17F} = {2558B31F-C1E7-4FB4-8868-DBCCED3F71FE}
	EndGlobalSection
EndGlobal
